
Microsoft Visual Studio Solution File, Format Version 12.00
# Visual Studio Version 16
VisualStudioVersion = 16.0.30804.86
MinimumVisualStudioVersion = 10.0.40219.1
Project("{2150E333-8FDC-42A3-9474-1A3956D46DE8}") = "2_SimpleExamples", "2_SimpleExamples", "{E806B250-970C-4528-9E98-1D647175E5B5}"
EndProject
Project("{2150E333-8FDC-42A3-9474-1A3956D46DE8}") = "1_RulesAndModels", "1_RulesAndModels", "{E7F9DA53-0189-442C-A5C9-4424A45518E6}"
EndProject
Project("{9A19103F-16F7-4668-BE54-9A1E7A4F7556}") = "RulesAndModels", "src\1_RulesAndModels\RulesAndModels\RulesAndModels.csproj", "{B42706BE-4F00-446D-85BB-8971A2CE6B98}"
EndProject
Project("{9A19103F-16F7-4668-BE54-9A1E7A4F7556}") = "NR1001001OnlyEvenNumbersRuleExample", "src\2_SimpleExamples\NR1001001OnlyEvenNumbersRuleExample\NR1001001OnlyEvenNumbersRuleExample.csproj", "{9C4961FC-2ECB-4519-92E9-316A9150EACD}"
EndProject
Project("{9A19103F-16F7-4668-BE54-9A1E7A4F7556}") = "NR1001011IdentifyMaleCustomers", "src\2_SimpleExamples\NR1001011IdentifyMaleCustomers\NR1001011IdentifyMaleCustomers.csproj", "{DD9A66DF-6251-4CE1-B876-8BABEB1AC395}"
EndProject
Project("{9A19103F-16F7-4668-BE54-9A1E7A4F7556}") = "NR1001031ExistentialRuleExample", "src\2_SimpleExamples\NR1001031ExistentialRuleExample\NR1001031ExistentialRuleExample.csproj", "{B532D3C8-186F-46AA-8E96-F2EA6E2C2E41}"
EndProject
Project("{9A19103F-16F7-4668-BE54-9A1E7A4F7556}") = "NR1001021PreferredCustomerActiveAccountsRuleExample", "src\2_SimpleExamples\NR1001021PreferredCustomerActiveAccountsRuleExample\NR1001021PreferredCustomerActiveAccountsRuleExample.csproj", "{2BFDEADA-03DA-4448-8756-30B426317965}"
EndProject
Project("{9A19103F-16F7-4668-BE54-9A1E7A4F7556}") = "NR1001041NotRuleExample", "src\2_SimpleExamples\NR1001041NotRuleExample\NR1001041NotRuleExample.csproj", "{B3D82C57-231B-4E40-A644-93F63B34928F}"
EndProject
Project("{9A19103F-16F7-4668-BE54-9A1E7A4F7556}") = "NR1001051AllRuleExample", "src\2_SimpleExamples\NR1001051AllRuleExample\NR1001051AllRuleExample.csproj", "{B30676AA-644F-4393-BAC7-33647253D446}"
EndProject
Project("{2150E333-8FDC-42A3-9474-1A3956D46DE8}") = "3_NRulesLanguageExamples", "3_NRulesLanguageExamples", "{906972EE-B435-4AF9-9731-CDC14B1C817F}"
EndProject
Project("{9A19103F-16F7-4668-BE54-9A1E7A4F7556}") = "NR1002001LoadRulesFromTextFile", "src\3_NRulesLanguageExamples\NR1002001LoadRulesFromTextFile\NR1002001LoadRulesFromTextFile.csproj", "{4FEC7C7F-DCC5-4B4C-B98C-61A753E149C1}"
EndProject
Project("{9A19103F-16F7-4668-BE54-9A1E7A4F7556}") = "NR1002003PreferredCustomerDiscountRuleFromTextFile", "src\3_NRulesLanguageExamples\NR1002003PreferredCustomerDiscountRuleFromTextFile\NR1002003PreferredCustomerDiscountRuleFromTextFile.csproj", "{25C132BD-84A4-4C29-9A05-CDC90B26E7C7}"
EndProject
Project("{9A19103F-16F7-4668-BE54-9A1E7A4F7556}") = "NR1002006MalePersonRuleFromTextFile", "src\3_NRulesLanguageExamples\NR1002006MalePersonRuleFromTextFile\NR1002006MalePersonRuleFromTextFile.csproj", "{9174DAF4-1A3F-419A-9CC3-445DBA110796}"
EndProject
Project("{9A19103F-16F7-4668-BE54-9A1E7A4F7556}") = "NR1002009CustomerWithBankAccountFromTextFile", "src\3_NRulesLanguageExamples\NR1002009CustomerWithBankAccountFromTextFile\NR1002009CustomerWithBankAccountFromTextFile.csproj", "{0D7ABA9E-2329-4D14-994A-A1A5D789039E}"
EndProject
Project("{9A19103F-16F7-4668-BE54-9A1E7A4F7556}") = "NR1002012PreferredCustomerNotRuleFromTextFile", "src\3_NRulesLanguageExamples\NR1002012PreferredCustomerNotRuleFromTextFile\NR1002012PreferredCustomerNotRuleFromTextFile.csproj", "{319137D2-CE2D-4972-B01F-32B03FB51DEA}"
EndProject
Project("{2150E333-8FDC-42A3-9474-1A3956D46DE8}") = "4_Di", "4_Di", "{BFACE56E-C5AD-4C08-AF2D-94D35F5420EF}"
EndProject
Project("{9A19103F-16F7-4668-BE54-9A1E7A4F7556}") = "NR1003001NRulesAspNetCore", "src\4_Di\NR1003001NRulesAspNetCore\NR1003001NRulesAspNetCore.csproj", "{EDE40C31-6A1F-46CB-BA53-F207E4EB68FD}"
EndProject
Project("{9A19103F-16F7-4668-BE54-9A1E7A4F7556}") = "NR1003002NRulesWithAutofacExampleMvc", "src\4_Di\NR1003002NRulesWithAutofacExampleMvc\NR1003002NRulesWithAutofacExampleMvc.csproj", "{C782CA5D-A32C-425A-A0A0-08F7F8822EA9}"
EndProject
Project("{9A19103F-16F7-4668-BE54-9A1E7A4F7556}") = "NR1002031LoadRulesFromText", "src\3_NRulesLanguageExamples\NR1002031LoadRulesFromText\NR1002031LoadRulesFromText.csproj", "{9EDD4DC5-FBA6-4D38-8892-E01A7B3DE101}"
EndProject
Project("{9A19103F-16F7-4668-BE54-9A1E7A4F7556}") = "NR1003005NRulesWithAutofacGulpAndNPM", "src\4_Di\NR1003005NRulesWithAutofacGulpAndNPM\NR1003005NRulesWithAutofacGulpAndNPM.csproj", "{588E3D99-D94C-462B-AD45-D2D6170558E4}"
EndProject
Project("{9A19103F-16F7-4668-BE54-9A1E7A4F7556}") = "NR1003009DynamicNRules", "src\4_Di\NR1003009DynamicNRules\NR1003009DynamicNRules.csproj", "{2C59C14E-7D62-48C7-8734-5919D6BB87A7}"
EndProject
Project("{9A19103F-16F7-4668-BE54-9A1E7A4F7556}") = "NR1001014IdentifyMaleWithServiceAddedToSession", "src\2_SimpleExamples\NR1001014IdentifyMaleWithServiceAddedToSession\NR1001014IdentifyMaleWithServiceAddedToSession.csproj", "{EF77466D-2FAF-4ADE-A584-D31AA7E18AED}"
EndProject
Project("{9A19103F-16F7-4668-BE54-9A1E7A4F7556}") = "NR1002041MalePersonRuleWithServiceAddedToSessionTextFile ", "src\3_NRulesLanguageExamples\NR1002041MalePersonRuleWithServiceAddedToSessionTextFile\NR1002041MalePersonRuleWithServiceAddedToSessionTextFile .csproj", "{CAA929F5-EC35-4F15-A5B1-591668CDC258}"
EndProject
Project("{9A19103F-16F7-4668-BE54-9A1E7A4F7556}") = "NR1003020DynamicNRulesWithServiceAddedAsFact", "src\4_Di\NR1003020DynamicNRulesWithServiceAddedAsFact\NR1003020DynamicNRulesWithServiceAddedAsFact.csproj", "{CE6EC017-DA88-49A7-AE43-A6D090E043AF}"
EndProject
Project("{9A19103F-16F7-4668-BE54-9A1E7A4F7556}") = "NR1003025SimpleDynamicArithmeticFunc", "src\4_Di\NR1003025SimpleDynamicArithmeticFunc\NR1003025SimpleDynamicArithmeticFunc.csproj", "{5A5380A3-66CE-4FEF-83C2-F1A5A8BDA10F}"
EndProject
Global
	GlobalSection(SolutionConfigurationPlatforms) = preSolution
		Debug|Any CPU = Debug|Any CPU
		Release|Any CPU = Release|Any CPU
	EndGlobalSection
	GlobalSection(ProjectConfigurationPlatforms) = postSolution
		{B42706BE-4F00-446D-85BB-8971A2CE6B98}.Debug|Any CPU.ActiveCfg = Debug|Any CPU
		{B42706BE-4F00-446D-85BB-8971A2CE6B98}.Debug|Any CPU.Build.0 = Debug|Any CPU
		{B42706BE-4F00-446D-85BB-8971A2CE6B98}.Release|Any CPU.ActiveCfg = Release|Any CPU
		{B42706BE-4F00-446D-85BB-8971A2CE6B98}.Release|Any CPU.Build.0 = Release|Any CPU
		{9C4961FC-2ECB-4519-92E9-316A9150EACD}.Debug|Any CPU.ActiveCfg = Debug|Any CPU
		{9C4961FC-2ECB-4519-92E9-316A9150EACD}.Debug|Any CPU.Build.0 = Debug|Any CPU
		{9C4961FC-2ECB-4519-92E9-316A9150EACD}.Release|Any CPU.ActiveCfg = Release|Any CPU
		{9C4961FC-2ECB-4519-92E9-316A9150EACD}.Release|Any CPU.Build.0 = Release|Any CPU
		{DD9A66DF-6251-4CE1-B876-8BABEB1AC395}.Debug|Any CPU.ActiveCfg = Debug|Any CPU
		{DD9A66DF-6251-4CE1-B876-8BABEB1AC395}.Debug|Any CPU.Build.0 = Debug|Any CPU
		{DD9A66DF-6251-4CE1-B876-8BABEB1AC395}.Release|Any CPU.ActiveCfg = Release|Any CPU
		{DD9A66DF-6251-4CE1-B876-8BABEB1AC395}.Release|Any CPU.Build.0 = Release|Any CPU
		{B532D3C8-186F-46AA-8E96-F2EA6E2C2E41}.Debug|Any CPU.ActiveCfg = Debug|Any CPU
		{B532D3C8-186F-46AA-8E96-F2EA6E2C2E41}.Debug|Any CPU.Build.0 = Debug|Any CPU
		{B532D3C8-186F-46AA-8E96-F2EA6E2C2E41}.Release|Any CPU.ActiveCfg = Release|Any CPU
		{B532D3C8-186F-46AA-8E96-F2EA6E2C2E41}.Release|Any CPU.Build.0 = Release|Any CPU
		{2BFDEADA-03DA-4448-8756-30B426317965}.Debug|Any CPU.ActiveCfg = Debug|Any CPU
		{2BFDEADA-03DA-4448-8756-30B426317965}.Debug|Any CPU.Build.0 = Debug|Any CPU
		{2BFDEADA-03DA-4448-8756-30B426317965}.Release|Any CPU.ActiveCfg = Release|Any CPU
		{2BFDEADA-03DA-4448-8756-30B426317965}.Release|Any CPU.Build.0 = Release|Any CPU
		{B3D82C57-231B-4E40-A644-93F63B34928F}.Debug|Any CPU.ActiveCfg = Debug|Any CPU
		{B3D82C57-231B-4E40-A644-93F63B34928F}.Debug|Any CPU.Build.0 = Debug|Any CPU
		{B3D82C57-231B-4E40-A644-93F63B34928F}.Release|Any CPU.ActiveCfg = Release|Any CPU
		{B3D82C57-231B-4E40-A644-93F63B34928F}.Release|Any CPU.Build.0 = Release|Any CPU
		{B30676AA-644F-4393-BAC7-33647253D446}.Debug|Any CPU.ActiveCfg = Debug|Any CPU
		{B30676AA-644F-4393-BAC7-33647253D446}.Debug|Any CPU.Build.0 = Debug|Any CPU
		{B30676AA-644F-4393-BAC7-33647253D446}.Release|Any CPU.ActiveCfg = Release|Any CPU
		{B30676AA-644F-4393-BAC7-33647253D446}.Release|Any CPU.Build.0 = Release|Any CPU
		{4FEC7C7F-DCC5-4B4C-B98C-61A753E149C1}.Debug|Any CPU.ActiveCfg = Debug|Any CPU
		{4FEC7C7F-DCC5-4B4C-B98C-61A753E149C1}.Debug|Any CPU.Build.0 = Debug|Any CPU
		{4FEC7C7F-DCC5-4B4C-B98C-61A753E149C1}.Release|Any CPU.ActiveCfg = Release|Any CPU
		{4FEC7C7F-DCC5-4B4C-B98C-61A753E149C1}.Release|Any CPU.Build.0 = Release|Any CPU
		{25C132BD-84A4-4C29-9A05-CDC90B26E7C7}.Debug|Any CPU.ActiveCfg = Debug|Any CPU
		{25C132BD-84A4-4C29-9A05-CDC90B26E7C7}.Debug|Any CPU.Build.0 = Debug|Any CPU
		{25C132BD-84A4-4C29-9A05-CDC90B26E7C7}.Release|Any CPU.ActiveCfg = Release|Any CPU
		{25C132BD-84A4-4C29-9A05-CDC90B26E7C7}.Release|Any CPU.Build.0 = Release|Any CPU
		{9174DAF4-1A3F-419A-9CC3-445DBA110796}.Debug|Any CPU.ActiveCfg = Debug|Any CPU
		{9174DAF4-1A3F-419A-9CC3-445DBA110796}.Debug|Any CPU.Build.0 = Debug|Any CPU
		{9174DAF4-1A3F-419A-9CC3-445DBA110796}.Release|Any CPU.ActiveCfg = Release|Any CPU
		{9174DAF4-1A3F-419A-9CC3-445DBA110796}.Release|Any CPU.Build.0 = Release|Any CPU
		{0D7ABA9E-2329-4D14-994A-A1A5D789039E}.Debug|Any CPU.ActiveCfg = Debug|Any CPU
		{0D7ABA9E-2329-4D14-994A-A1A5D789039E}.Debug|Any CPU.Build.0 = Debug|Any CPU
		{0D7ABA9E-2329-4D14-994A-A1A5D789039E}.Release|Any CPU.ActiveCfg = Release|Any CPU
		{0D7ABA9E-2329-4D14-994A-A1A5D789039E}.Release|Any CPU.Build.0 = Release|Any CPU
		{319137D2-CE2D-4972-B01F-32B03FB51DEA}.Debug|Any CPU.ActiveCfg = Debug|Any CPU
		{319137D2-CE2D-4972-B01F-32B03FB51DEA}.Debug|Any CPU.Build.0 = Debug|Any CPU
		{319137D2-CE2D-4972-B01F-32B03FB51DEA}.Release|Any CPU.ActiveCfg = Release|Any CPU
		{319137D2-CE2D-4972-B01F-32B03FB51DEA}.Release|Any CPU.Build.0 = Release|Any CPU
		{EDE40C31-6A1F-46CB-BA53-F207E4EB68FD}.Debug|Any CPU.ActiveCfg = Debug|Any CPU
		{EDE40C31-6A1F-46CB-BA53-F207E4EB68FD}.Debug|Any CPU.Build.0 = Debug|Any CPU
		{EDE40C31-6A1F-46CB-BA53-F207E4EB68FD}.Release|Any CPU.ActiveCfg = Release|Any CPU
		{EDE40C31-6A1F-46CB-BA53-F207E4EB68FD}.Release|Any CPU.Build.0 = Release|Any CPU
		{C782CA5D-A32C-425A-A0A0-08F7F8822EA9}.Debug|Any CPU.ActiveCfg = Debug|Any CPU
		{C782CA5D-A32C-425A-A0A0-08F7F8822EA9}.Debug|Any CPU.Build.0 = Debug|Any CPU
		{C782CA5D-A32C-425A-A0A0-08F7F8822EA9}.Release|Any CPU.ActiveCfg = Release|Any CPU
		{C782CA5D-A32C-425A-A0A0-08F7F8822EA9}.Release|Any CPU.Build.0 = Release|Any CPU
		{9EDD4DC5-FBA6-4D38-8892-E01A7B3DE101}.Debug|Any CPU.ActiveCfg = Debug|Any CPU
		{9EDD4DC5-FBA6-4D38-8892-E01A7B3DE101}.Debug|Any CPU.Build.0 = Debug|Any CPU
		{9EDD4DC5-FBA6-4D38-8892-E01A7B3DE101}.Release|Any CPU.ActiveCfg = Release|Any CPU
		{9EDD4DC5-FBA6-4D38-8892-E01A7B3DE101}.Release|Any CPU.Build.0 = Release|Any CPU
		{588E3D99-D94C-462B-AD45-D2D6170558E4}.Debug|Any CPU.ActiveCfg = Debug|Any CPU
		{588E3D99-D94C-462B-AD45-D2D6170558E4}.Debug|Any CPU.Build.0 = Debug|Any CPU
		{588E3D99-D94C-462B-AD45-D2D6170558E4}.Release|Any CPU.ActiveCfg = Release|Any CPU
		{588E3D99-D94C-462B-AD45-D2D6170558E4}.Release|Any CPU.Build.0 = Release|Any CPU
		{2C59C14E-7D62-48C7-8734-5919D6BB87A7}.Debug|Any CPU.ActiveCfg = Debug|Any CPU
		{2C59C14E-7D62-48C7-8734-5919D6BB87A7}.Debug|Any CPU.Build.0 = Debug|Any CPU
		{2C59C14E-7D62-48C7-8734-5919D6BB87A7}.Release|Any CPU.ActiveCfg = Release|Any CPU
		{2C59C14E-7D62-48C7-8734-5919D6BB87A7}.Release|Any CPU.Build.0 = Release|Any CPU
		{EF77466D-2FAF-4ADE-A584-D31AA7E18AED}.Debug|Any CPU.ActiveCfg = Debug|Any CPU
		{EF77466D-2FAF-4ADE-A584-D31AA7E18AED}.Debug|Any CPU.Build.0 = Debug|Any CPU
		{EF77466D-2FAF-4ADE-A584-D31AA7E18AED}.Release|Any CPU.ActiveCfg = Release|Any CPU
		{EF77466D-2FAF-4ADE-A584-D31AA7E18AED}.Release|Any CPU.Build.0 = Release|Any CPU
		{CAA929F5-EC35-4F15-A5B1-591668CDC258}.Debug|Any CPU.ActiveCfg = Debug|Any CPU
		{CAA929F5-EC35-4F15-A5B1-591668CDC258}.Debug|Any CPU.Build.0 = Debug|Any CPU
		{CAA929F5-EC35-4F15-A5B1-591668CDC258}.Release|Any CPU.ActiveCfg = Release|Any CPU
		{CAA929F5-EC35-4F15-A5B1-591668CDC258}.Release|Any CPU.Build.0 = Release|Any CPU
		{CE6EC017-DA88-49A7-AE43-A6D090E043AF}.Debug|Any CPU.ActiveCfg = Debug|Any CPU
		{CE6EC017-DA88-49A7-AE43-A6D090E043AF}.Debug|Any CPU.Build.0 = Debug|Any CPU
		{CE6EC017-DA88-49A7-AE43-A6D090E043AF}.Release|Any CPU.ActiveCfg = Release|Any CPU
		{CE6EC017-DA88-49A7-AE43-A6D090E043AF}.Release|Any CPU.Build.0 = Release|Any CPU
		{5A5380A3-66CE-4FEF-83C2-F1A5A8BDA10F}.Debug|Any CPU.ActiveCfg = Debug|Any CPU
		{5A5380A3-66CE-4FEF-83C2-F1A5A8BDA10F}.Debug|Any CPU.Build.0 = Debug|Any CPU
		{5A5380A3-66CE-4FEF-83C2-F1A5A8BDA10F}.Release|Any CPU.ActiveCfg = Release|Any CPU
		{5A5380A3-66CE-4FEF-83C2-F1A5A8BDA10F}.Release|Any CPU.Build.0 = Release|Any CPU
	EndGlobalSection
	GlobalSection(SolutionProperties) = preSolution
		HideSolutionNode = FALSE
	EndGlobalSection
	GlobalSection(NestedProjects) = preSolution
		{B42706BE-4F00-446D-85BB-8971A2CE6B98} = {E7F9DA53-0189-442C-A5C9-4424A45518E6}
		{9C4961FC-2ECB-4519-92E9-316A9150EACD} = {E806B250-970C-4528-9E98-1D647175E5B5}
		{DD9A66DF-6251-4CE1-B876-8BABEB1AC395} = {E806B250-970C-4528-9E98-1D647175E5B5}
		{B532D3C8-186F-46AA-8E96-F2EA6E2C2E41} = {E806B250-970C-4528-9E98-1D647175E5B5}
		{2BFDEADA-03DA-4448-8756-30B426317965} = {E806B250-970C-4528-9E98-1D647175E5B5}
		{B3D82C57-231B-4E40-A644-93F63B34928F} = {E806B250-970C-4528-9E98-1D647175E5B5}
		{B30676AA-644F-4393-BAC7-33647253D446} = {E806B250-970C-4528-9E98-1D647175E5B5}
		{4FEC7C7F-DCC5-4B4C-B98C-61A753E149C1} = {906972EE-B435-4AF9-9731-CDC14B1C817F}
		{25C132BD-84A4-4C29-9A05-CDC90B26E7C7} = {906972EE-B435-4AF9-9731-CDC14B1C817F}
		{9174DAF4-1A3F-419A-9CC3-445DBA110796} = {906972EE-B435-4AF9-9731-CDC14B1C817F}
		{0D7ABA9E-2329-4D14-994A-A1A5D789039E} = {906972EE-B435-4AF9-9731-CDC14B1C817F}
		{319137D2-CE2D-4972-B01F-32B03FB51DEA} = {906972EE-B435-4AF9-9731-CDC14B1C817F}
		{EDE40C31-6A1F-46CB-BA53-F207E4EB68FD} = {BFACE56E-C5AD-4C08-AF2D-94D35F5420EF}
		{C782CA5D-A32C-425A-A0A0-08F7F8822EA9} = {BFACE56E-C5AD-4C08-AF2D-94D35F5420EF}
		{9EDD4DC5-FBA6-4D38-8892-E01A7B3DE101} = {906972EE-B435-4AF9-9731-CDC14B1C817F}
		{588E3D99-D94C-462B-AD45-D2D6170558E4} = {BFACE56E-C5AD-4C08-AF2D-94D35F5420EF}
		{2C59C14E-7D62-48C7-8734-5919D6BB87A7} = {BFACE56E-C5AD-4C08-AF2D-94D35F5420EF}
		{EF77466D-2FAF-4ADE-A584-D31AA7E18AED} = {E806B250-970C-4528-9E98-1D647175E5B5}
		{CAA929F5-EC35-4F15-A5B1-591668CDC258} = {906972EE-B435-4AF9-9731-CDC14B1C817F}
		{CE6EC017-DA88-49A7-AE43-A6D090E043AF} = {BFACE56E-C5AD-4C08-AF2D-94D35F5420EF}
		{5A5380A3-66CE-4FEF-83C2-F1A5A8BDA10F} = {BFACE56E-C5AD-4C08-AF2D-94D35F5420EF}
	EndGlobalSection
	GlobalSection(ExtensibilityGlobals) = postSolution
		SolutionGuid = {8A841F20-72BD-4F8C-8731-E38C0EC6EB8B}
	EndGlobalSection
EndGlobal
